
Microsoft Visual Studio Solution File, Format Version 12.00
# Visual Studio Version 17
VisualStudioVersion = 17.0.31903.59
MinimumVisualStudioVersion = 10.0.40219.1
Project("{FAE04EC0-301F-11D3-BF4B-00C04F79EFBC}") = "FileTracker", "FileTracker.csproj", "{EAC1F7D0-98DE-4507-A0C9-0B7C3F39B174}"
EndProject
Global
	GlobalSection(SolutionConfigurationPlatforms) = preSolution
		Debug|Any CPU = Debug|Any CPU
		Release|Any CPU = Release|Any CPU
	EndGlobalSection
	GlobalSection(ProjectConfigurationPlatforms) = postSolution
		{EAC1F7D0-98DE-4507-A0C9-0B7C3F39B174}.Debug|Any CPU.ActiveCfg = Debug|Any CPU
		{EAC1F7D0-98DE-4507-A0C9-0B7C3F39B174}.Debug|Any CPU.Build.0 = Debug|Any CPU
		{EAC1F7D0-98DE-4507-A0C9-0B7C3F39B174}.Release|Any CPU.ActiveCfg = Release|Any CPU
		{EAC1F7D0-98DE-4507-A0C9-0B7C3F39B174}.Release|Any CPU.Build.0 = Release|Any CPU
	EndGlobalSection
	GlobalSection(SolutionProperties) = preSolution
		HideSolutionNode = FALSE
	EndGlobalSection
	GlobalSection(ExtensibilityGlobals) = postSolution
		SolutionGuid = {5EF6F688-D98C-4395-9383-9F1904828745}
	EndGlobalSection
EndGlobal
